
Microsoft Visual Studio Solution File, Format Version 12.00
# Visual Studio Version 17
VisualStudioVersion = 17.0.32014.148
MinimumVisualStudioVersion = 10.0.40219.1
Project("{FAE04EC0-301F-11D3-BF4B-00C04F79EFBC}") = "Project.ENTITES", "Project.ENTITES\Project.ENTITES.csproj", "{02A72BAD-049F-47A0-8DC4-197B26030FC7}"
EndProject
Project("{FAE04EC0-301F-11D3-BF4B-00C04F79EFBC}") = "Project.MAP", "Project.MAP\Project.MAP.csproj", "{27779F53-F814-4139-9E15-30E75DF38E36}"
EndProject
Project("{FAE04EC0-301F-11D3-BF4B-00C04F79EFBC}") = "Project.DAL", "Project.DAL\Project.DAL.csproj", "{8792856E-AAD6-4972-BE7A-29A033BC9202}"
EndProject
Project("{FAE04EC0-301F-11D3-BF4B-00C04F79EFBC}") = "Project.BLL", "Project.BLL\Project.BLL.csproj", "{E9E7CD35-9594-4D9A-892C-20C43DE8C6A2}"
EndProject
Project("{FAE04EC0-301F-11D3-BF4B-00C04F79EFBC}") = "Project.UIMVC", "Project.UIMVC\Project.UIMVC.csproj", "{14E54F9B-971E-479B-AFF1-757DDDF3F9FC}"
EndProject
Global
	GlobalSection(SolutionConfigurationPlatforms) = preSolution
		Debug|Any CPU = Debug|Any CPU
		Release|Any CPU = Release|Any CPU
	EndGlobalSection
	GlobalSection(ProjectConfigurationPlatforms) = postSolution
		{02A72BAD-049F-47A0-8DC4-197B26030FC7}.Debug|Any CPU.ActiveCfg = Debug|Any CPU
		{02A72BAD-049F-47A0-8DC4-197B26030FC7}.Debug|Any CPU.Build.0 = Debug|Any CPU
		{02A72BAD-049F-47A0-8DC4-197B26030FC7}.Release|Any CPU.ActiveCfg = Release|Any CPU
		{02A72BAD-049F-47A0-8DC4-197B26030FC7}.Release|Any CPU.Build.0 = Release|Any CPU
		{27779F53-F814-4139-9E15-30E75DF38E36}.Debug|Any CPU.ActiveCfg = Debug|Any CPU
		{27779F53-F814-4139-9E15-30E75DF38E36}.Debug|Any CPU.Build.0 = Debug|Any CPU
		{27779F53-F814-4139-9E15-30E75DF38E36}.Release|Any CPU.ActiveCfg = Release|Any CPU
		{27779F53-F814-4139-9E15-30E75DF38E36}.Release|Any CPU.Build.0 = Release|Any CPU
		{8792856E-AAD6-4972-BE7A-29A033BC9202}.Debug|Any CPU.ActiveCfg = Debug|Any CPU
		{8792856E-AAD6-4972-BE7A-29A033BC9202}.Debug|Any CPU.Build.0 = Debug|Any CPU
		{8792856E-AAD6-4972-BE7A-29A033BC9202}.Release|Any CPU.ActiveCfg = Release|Any CPU
		{8792856E-AAD6-4972-BE7A-29A033BC9202}.Release|Any CPU.Build.0 = Release|Any CPU
		{E9E7CD35-9594-4D9A-892C-20C43DE8C6A2}.Debug|Any CPU.ActiveCfg = Debug|Any CPU
		{E9E7CD35-9594-4D9A-892C-20C43DE8C6A2}.Debug|Any CPU.Build.0 = Debug|Any CPU
		{E9E7CD35-9594-4D9A-892C-20C43DE8C6A2}.Release|Any CPU.ActiveCfg = Release|Any CPU
		{E9E7CD35-9594-4D9A-892C-20C43DE8C6A2}.Release|Any CPU.Build.0 = Release|Any CPU
		{14E54F9B-971E-479B-AFF1-757DDDF3F9FC}.Debug|Any CPU.ActiveCfg = Debug|Any CPU
		{14E54F9B-971E-479B-AFF1-757DDDF3F9FC}.Debug|Any CPU.Build.0 = Debug|Any CPU
		{14E54F9B-971E-479B-AFF1-757DDDF3F9FC}.Release|Any CPU.ActiveCfg = Release|Any CPU
		{14E54F9B-971E-479B-AFF1-757DDDF3F9FC}.Release|Any CPU.Build.0 = Release|Any CPU
	EndGlobalSection
	GlobalSection(SolutionProperties) = preSolution
		HideSolutionNode = FALSE
	EndGlobalSection
	GlobalSection(ExtensibilityGlobals) = postSolution
		SolutionGuid = {14F76232-57FF-4AB1-AAE7-6007997DCE65}
	EndGlobalSection
EndGlobal
